{
  "requires": true,
  "lockfileVersion": 1,
  "dependencies": {

    "async": {
      "version": "2.6.3",
      "resolved": "https://registry.npmjs.org/async/-/async-2.6.3.tgz",
      "integrity": "sha512-zflvls11DCy+dQWzTW2dzuilv8Z5X/pjfmZOWba6TNIVDm+2UDaJmXSOXlasHKfNBs8oo3M0aT50fDEWfKZjXg==",
      "requires": {
        "lodash": "^4.17.14"
      }
    },
    "deepmerge": {
      "version": "2.2.1",
      "resolved": "https://registry.npmjs.org/deepmerge/-/deepmerge-2.2.1.tgz",
      "integrity": "sha512-R9hc1Xa/NOBi9WRVUWg19rl1UB7Tt4kuPd+thNJgFZoxXsTz7ncaPaeIm+40oSGuP33DfMb4sZt1QIGiJzC4EA=="
    },
    "duplexer": {
      "version": "0.1.2",
      "resolved": "https://registry.npmjs.org/duplexer/-/duplexer-0.1.2.tgz",
      "integrity": "sha512-jtD6YG370ZCIi/9GTaJKQxWTZD045+4R4hTk/x1UyoqadyJ9x9CgSi1RlVDQF8U2sxLLSnFkCaMihqljHIWgMg=="
    },
    "event-stream": {
      "version": "4.0.1",
      "resolved": "https://registry.npmjs.org/event-stream/-/event-stream-4.0.1.tgz",
      "integrity": "sha512-qACXdu/9VHPBzcyhdOWR5/IahhGMf0roTeZJfzz077GwylcDd90yOHLouhmv7GJ5XzPi6ekaQWd8AvPP2nOvpA==",
      "requires": {
        "duplexer": "^0.1.1",
        "from": "^0.1.7",
        "map-stream": "0.0.7",
        "pause-stream": "^0.0.11",
        "split": "^1.0.1",
        "stream-combiner": "^0.2.2",
        "through": "^2.3.8"
      }
    },
    "formik": {
      "version": "2.2.8",
      "resolved": "https://registry.npmjs.org/formik/-/formik-2.2.8.tgz",
      "integrity": "sha512-hDjQyTGO0ivptzCRHEyeTvfvgFVSzLeW2ptAgSk5U2jkf8pvSNtXe6oExo1RmrbKF1Bs7dmPv4P5g2JAgYnvlw==",
      "requires": {
        "deepmerge": "^2.1.1",
        "hoist-non-react-statics": "^3.3.0",
        "lodash": "^4.17.14",
        "lodash-es": "^4.17.14",
        "react-fast-compare": "^2.0.1",
        "tiny-warning": "^1.0.2",
        "tslib": "^1.10.0"
      }
    },
    "from": {
      "version": "0.1.7",
      "resolved": "https://registry.npmjs.org/from/-/from-0.1.7.tgz",
      "integrity": "sha1-g8YK/Fi5xWmXAH7Rp2izqzA6RP4="
    },
    "hoist-non-react-statics": {
      "version": "3.3.2",
      "resolved": "https://registry.npmjs.org/hoist-non-react-statics/-/hoist-non-react-statics-3.3.2.tgz",
      "integrity": "sha512-/gGivxi8JPKWNm/W0jSmzcMPpfpPLc3dY/6GxhX2hQ9iGj3aDfklV4ET7NjKpSinLpJ5vafa9iiGIEZg10SfBw==",
      "requires": {
        "react-is": "^16.7.0"
      }
    },
    "lodash": {
      "version": "4.17.21",
      "resolved": "https://registry.npmjs.org/lodash/-/lodash-4.17.21.tgz",
      "integrity": "sha512-v2kDEe57lecTulaDIuNTPy3Ry4gLGJ6Z1O3vE1krgXZNrsQ+LFTGHVxVjcXPs17LhbZVGedAJv8XZ1tvj5FvSg=="
    },
    "lodash-es": {
      "version": "4.17.21",
      "resolved": "https://registry.npmjs.org/lodash-es/-/lodash-es-4.17.21.tgz",
      "integrity": "sha512-mKnC+QJ9pWVzv+C4/U3rRsHapFfHvQFoFB92e52xeyGMcX6/OlIl78je1u8vePzYZSkkogMPJ2yjxxsb89cxyw=="
    },
    "lodash.assign": {
      "version": "4.2.0",
      "resolved": "https://registry.npmjs.org/lodash.assign/-/lodash.assign-4.2.0.tgz",
      "integrity": "sha1-DZnzzNem0mHRm9rrkkUAXShYCOc="
    },
    "map-stream": {
      "version": "0.0.7",
      "resolved": "https://registry.npmjs.org/map-stream/-/map-stream-0.0.7.tgz",
      "integrity": "sha1-ih8HiW2CsQkmvTdEokIACfiJdKg="
    },
    "mingo": {
      "version": "1.3.3",
      "resolved": "https://registry.npmjs.org/mingo/-/mingo-1.3.3.tgz",
      "integrity": "sha1-aSLE0Ufvx3GgFCWixMj3eER4xUY="
    },
    "pause-stream": {
      "version": "0.0.11",
      "resolved": "https://registry.npmjs.org/pause-stream/-/pause-stream-0.0.11.tgz",
      "integrity": "sha1-/lo0sMvOErWqaitAPuLnO2AvFEU=",
      "requires": {
        "through": "~2.3"
      }
    },
    "react-fast-compare": {
      "version": "2.0.4",
      "resolved": "https://registry.npmjs.org/react-fast-compare/-/react-fast-compare-2.0.4.tgz",
      "integrity": "sha512-suNP+J1VU1MWFKcyt7RtjiSWUjvidmQSlqu+eHslq+342xCbGTYmC0mEhPCOHxlW0CywylOC1u2DFAT+bv4dBw=="
    },
    "react-is": {
      "version": "16.13.1",
      "resolved": "https://registry.npmjs.org/react-is/-/react-is-16.13.1.tgz",
      "integrity": "sha512-24e6ynE2H+OKt4kqsOvNd8kBpV65zoxbA4BVsEOB3ARVWQki/DHzaUoC5KuON/BiccDaCCTZBuOcfZs70kR8bQ=="
    },
    "save": {
      "version": "2.4.0",
      "resolved": "https://registry.npmjs.org/save/-/save-2.4.0.tgz",
      "integrity": "sha512-wd5L2uVnsKYkIUaK6i8Ie66IOHaI328gMF0MPuTJtYOjXgUolC33LSIk7Qr8WVA55QHaGwfiVS8a7EFIeGOR3w==",
      "requires": {
        "async": "^2.6.2",
        "event-stream": "^4.0.1",
        "lodash.assign": "^4.2.0",
        "mingo": "1"
      }
    },
    "split": {
      "version": "1.0.1",
      "resolved": "https://registry.npmjs.org/split/-/split-1.0.1.tgz",
      "integrity": "sha512-mTyOoPbrivtXnwnIxZRFYRrPNtEFKlpB2fvjSnCQUiAA6qAZzqwna5envK4uk6OIeP17CsdF3rSBGYVBsU0Tkg==",
      "requires": {
        "through": "2"
      }
    },
    "stream-combiner": {
      "version": "0.2.2",
      "resolved": "https://registry.npmjs.org/stream-combiner/-/stream-combiner-0.2.2.tgz",
      "integrity": "sha1-rsjLrBd7Vrb0+kec7YwZEs7lKFg=",
      "requires": {
        "duplexer": "~0.1.1",
        "through": "~2.3.4"
      }
    },
    "through": {
      "version": "2.3.8",
      "resolved": "https://registry.npmjs.org/through/-/through-2.3.8.tgz",
      "integrity": "sha1-DdTJ/6q8NXlgsbckEV1+Doai4fU="
    },
    "tiny-warning": {
      "version": "1.0.3",
      "resolved": "https://registry.npmjs.org/tiny-warning/-/tiny-warning-1.0.3.tgz",
      "integrity": "sha512-lBN9zLN/oAf68o3zNXYrdCt1kP8WsiGW8Oo2ka41b2IM5JL/S1CTyX1rW0mb/zSuJun0ZUrDxx4sqvYS2FWzPA=="
    },
    "tslib": {
      "version": "1.14.1",
      "resolved": "https://registry.npmjs.org/tslib/-/tslib-1.14.1.tgz",
      "integrity": "sha512-Xni35NKzjgMrwevysHTCArtLDpPvye8zV/0E4EyYn43P7/7qvQwPh9BGkHewbMulVntbigmcT7rdX3BNo9wRJg==",
    "@chakra-ui/icon": {
      "version": "1.1.9",
      "resolved": "https://registry.npmjs.org/@chakra-ui/icon/-/icon-1.1.9.tgz",
      "integrity": "sha512-lmZHK4O+Wo7LwxRsQb0KmtOwq2iACESxwQgackuj7NPHbAsdF2/y3t2f7KCD+dTKGxoauEMgU2nVLePZWjtpTQ==",
      "requires": {
        "@chakra-ui/utils": "1.8.0"
      }
    },
    "@chakra-ui/utils": {
      "version": "1.8.0",
      "resolved": "https://registry.npmjs.org/@chakra-ui/utils/-/utils-1.8.0.tgz",
      "integrity": "sha512-BWIhKcXnLbOIwCTKeNcOStNwk9RyYVA9xRRFPGK6Kp3EhrxP0rDwAbu4D3o3qAc+yhIDhGmPaIj1jRXHB5DTfg==",
      "requires": {
        "@types/lodash.mergewith": "4.6.6",
        "css-box-model": "1.2.1",
        "framesync": "5.3.0",
        "lodash.mergewith": "4.6.2"
      }
    },
    "@types/lodash": {
      "version": "4.14.170",
      "resolved": "https://registry.npmjs.org/@types/lodash/-/lodash-4.14.170.tgz",
      "integrity": "sha512-bpcvu/MKHHeYX+qeEN8GE7DIravODWdACVA1ctevD8CN24RhPZIKMn9ntfAsrvLfSX3cR5RrBKAbYm9bGs0A+Q=="
    },
    "@types/lodash.mergewith": {
      "version": "4.6.6",
      "resolved": "https://registry.npmjs.org/@types/lodash.mergewith/-/lodash.mergewith-4.6.6.tgz",
      "integrity": "sha512-RY/8IaVENjG19rxTZu9Nukqh0W2UrYgmBj5sdns4hWRZaV8PqR7wIKHFKzvOTjo4zVRV7sVI+yFhAJql12Kfqg==",
      "requires": {
        "@types/lodash": "*"
      }
    },
    "@types/prop-types": {
      "version": "15.7.3",
      "resolved": "https://registry.npmjs.org/@types/prop-types/-/prop-types-15.7.3.tgz",
      "integrity": "sha512-KfRL3PuHmqQLOG+2tGpRO26Ctg+Cq1E01D2DMriKEATHgWLfeNDmq9e29Q9WIky0dQ3NPkd1mzYH8Lm936Z9qw=="
    },
    "@types/react": {
      "version": "17.0.8",
      "resolved": "https://registry.npmjs.org/@types/react/-/react-17.0.8.tgz",
      "integrity": "sha512-3sx4c0PbXujrYAKwXxNONXUtRp9C+hE2di0IuxFyf5BELD+B+AXL8G7QrmSKhVwKZDbv0igiAjQAMhXj8Yg3aw==",
      "requires": {
        "@types/prop-types": "*",
        "@types/scheduler": "*",
        "csstype": "^3.0.2"
      }
    },
    "@types/scheduler": {
      "version": "0.16.1",
      "resolved": "https://registry.npmjs.org/@types/scheduler/-/scheduler-0.16.1.tgz",
      "integrity": "sha512-EaCxbanVeyxDRTQBkdLb3Bvl/HK7PBK6UJjsSixB0iHKoWxE5uu2Q/DgtpOhPIojN0Zl1whvOd7PoHs2P0s5eA=="
    },
    "css-box-model": {
      "version": "1.2.1",
      "resolved": "https://registry.npmjs.org/css-box-model/-/css-box-model-1.2.1.tgz",
      "integrity": "sha512-a7Vr4Q/kd/aw96bnJG332W9V9LkJO69JRcaCYDUqjp6/z0w6VcZjgAcTbgFxEPfBgdnAwlh3iwu+hLopa+flJw==",
      "requires": {
        "tiny-invariant": "^1.0.6"
      }
    },
    "csstype": {
      "version": "3.0.8",
      "resolved": "https://registry.npmjs.org/csstype/-/csstype-3.0.8.tgz",
      "integrity": "sha512-jXKhWqXPmlUeoQnF/EhTtTl4C9SnrxSH/jZUih3jmO6lBKr99rP3/+FmrMj4EFpOXzMtXHAZkd3x0E6h6Fgflw=="
    },
    "framesync": {
      "version": "5.3.0",
      "resolved": "https://registry.npmjs.org/framesync/-/framesync-5.3.0.tgz",
      "integrity": "sha512-oc5m68HDO/tuK2blj7ZcdEBRx3p1PjrgHazL8GYEpvULhrtGIFbQArN6cQS2QhW8mitffaB+VYzMjDqBxxQeoA==",
      "requires": {
        "tslib": "^2.1.0"
      }
    },
    "lodash.mergewith": {
      "version": "4.6.2",
      "resolved": "https://registry.npmjs.org/lodash.mergewith/-/lodash.mergewith-4.6.2.tgz",
      "integrity": "sha512-GK3g5RPZWTRSeLSpgP8Xhra+pnjBC56q9FZYe1d5RN3TJ35dbkGy3YqBSMbyCrlbi+CM9Z3Jk5yTL7RCsqboyQ=="
    },
    "tiny-invariant": {
      "version": "1.1.0",
      "resolved": "https://registry.npmjs.org/tiny-invariant/-/tiny-invariant-1.1.0.tgz",
      "integrity": "sha512-ytxQvrb1cPc9WBEI/HSeYYoGD0kWnGEOR8RY6KomWLBVhqz0RgTwVO9dLrGz7dC+nN9llyI7OKAgRq8Vq4ZBSw=="
    },
    "tslib": {
      "version": "2.2.0",
      "resolved": "https://registry.npmjs.org/tslib/-/tslib-2.2.0.tgz",
      "integrity": "sha512-gS9GVHRU+RGn5KQM2rllAlR3dU6m7AcpJKdtH8gFvQiC4Otgk98XnmMU+nZenHt/+VhnBPWwgrJsyrdcw6i23w=="

    }
  }
}
